{
    "_readme": [
        "This file locks the dependencies of your project to a known state",
        "Read more about it at https://getcomposer.org/doc/01-basic-usage.md#composer-lock-the-lock-file",
        "This file is @generated automatically"
    ],
    "hash": "9651ab9f4ddf9ddda8b92c2b4ce7efe6",
    "content-hash": "03e1224eab6f58994e01c8f4dc61d285",
    "packages": [
        {
            "name": "wikimedia/aho-corasick",
            "version": "dev-master",
            "source": {
                "type": "git",
                "url": "https://github.com/wikimedia/AhoCorasick.git",
                "reference": "0198f692a1bb61467dff79afe0fb225e142b5419"
            },
            "dist": {
                "type": "zip",
                "url": "https://api.github.com/repos/wikimedia/AhoCorasick/zipball/0198f692a1bb61467dff79afe0fb225e142b5419",
                "reference": "0198f692a1bb61467dff79afe0fb225e142b5419",
                "shasum": ""
            },
            "require": {
                "php": ">=5.3.3"
            },
            "require-dev": {
                "jakub-onderka/php-parallel-lint": "0.9",
                "mediawiki/mediawiki-codesniffer": "0.3.0",
                "phpunit/phpunit": "4.6.*"
            },
            "type": "library",
            "autoload": {
                "classmap": [
                    "src/"
                ]
            },
            "notification-url": "https://packagist.org/downloads/",
            "license": [
                "Apache-2.0"
            ],
            "authors": [
                {
                    "name": "Ori Livneh",
                    "email": "ori@wikimedia.org"
                }
            ],
            "description": "An implementation of the Aho-Corasick string matching algorithm.",
            "homepage": "https://www.mediawiki.org/wiki/AhoCorasick",
            "time": "2015-06-27 19:52:38"
        }
    ],
    "packages-dev": [],
    "aliases": [],
    "minimum-stability": "stable",
    "stability-flags": {
        "wikimedia/aho-corasick": 20
    },
    "prefer-stable": false,
    "prefer-lowest": false,
    "platform": [],
    "platform-dev": []
}
